
Microsoft Visual Studio Solution File, Format Version 12.00
# Visual Studio Version 16
VisualStudioVersion = 16.0.31313.79
MinimumVisualStudioVersion = 10.0.40219.1
Project("{FAE04EC0-301F-11D3-BF4B-00C04F79EFBC}") = "CustomerService", "CustomerService\CustomerService.csproj", "{025822EB-D9F3-4162-9450-B943180F4EF5}"
EndProject
Project("{FAE04EC0-301F-11D3-BF4B-00C04F79EFBC}") = "CustomerService.Test", "CustomerService.Test\CustomerService.Test.csproj", "{515EAF28-02C9-4E7A-9218-00CF7DB61162}"
EndProject
Global
	GlobalSection(SolutionConfigurationPlatforms) = preSolution
		Debug|Any CPU = Debug|Any CPU
		Release|Any CPU = Release|Any CPU
	EndGlobalSection
	GlobalSection(ProjectConfigurationPlatforms) = postSolution
		{025822EB-D9F3-4162-9450-B943180F4EF5}.Debug|Any CPU.ActiveCfg = Debug|Any CPU
		{025822EB-D9F3-4162-9450-B943180F4EF5}.Debug|Any CPU.Build.0 = Debug|Any CPU
		{025822EB-D9F3-4162-9450-B943180F4EF5}.Release|Any CPU.ActiveCfg = Release|Any CPU
		{025822EB-D9F3-4162-9450-B943180F4EF5}.Release|Any CPU.Build.0 = Release|Any CPU
		{515EAF28-02C9-4E7A-9218-00CF7DB61162}.Debug|Any CPU.ActiveCfg = Debug|Any CPU
		{515EAF28-02C9-4E7A-9218-00CF7DB61162}.Debug|Any CPU.Build.0 = Debug|Any CPU
		{515EAF28-02C9-4E7A-9218-00CF7DB61162}.Release|Any CPU.ActiveCfg = Release|Any CPU
		{515EAF28-02C9-4E7A-9218-00CF7DB61162}.Release|Any CPU.Build.0 = Release|Any CPU
	EndGlobalSection
	GlobalSection(SolutionProperties) = preSolution
		HideSolutionNode = FALSE
	EndGlobalSection
	GlobalSection(ExtensibilityGlobals) = postSolution
		SolutionGuid = {A6E8D620-A8C6-421E-90D5-60294D1677CF}
	EndGlobalSection
EndGlobal
